
Microsoft Visual Studio Solution File, Format Version 12.00
# Visual Studio 15
Project("{9344BDBB-3E7F-41FC-A0DD-8665D75EE146}") = "ShuhariWeb", "ShuhariWeb\ShuhariWeb.mdproj", "{507186C4-8F71-4051-8AC6-851CF32CCC59}"
EndProject
Global
	GlobalSection(SolutionConfigurationPlatforms) = preSolution
		Default|Any CPU = Default|Any CPU
	EndGlobalSection
	GlobalSection(ProjectConfigurationPlatforms) = postSolution
		{507186C4-8F71-4051-8AC6-851CF32CCC59}.Default|Any CPU.ActiveCfg = Default|Any CPU
		{507186C4-8F71-4051-8AC6-851CF32CCC59}.Default|Any CPU.Build.0 = Default|Any CPU
	EndGlobalSection
EndGlobal
